<Solution>
  <Folder Name="/Solution Items/">
    <File Path=".env" />
    <File Path=".gitignore" />
    <File Path="docker-compose.override.yml" />
    <File Path="docker-compose.yml" />
  </Folder>
  <Folder Name="/src/" />
  <Folder Name="/src/BuildingBlocks/">
    <Project Path="ShelfLife.SharedKernel/ShelfLife.SharedKernel.csproj" />
  </Folder>
  <Folder Name="/src/Services/" />
  <Folder Name="/src/Services/Catalog/">
    <Project Path="ShelfLife.Catalog.Api/ShelfLife.Catalog.Api.csproj" />
    <Project Path="ShelfLife.Catalog.Application/ShelfLife.Catalog.Application.csproj" Id="75f5c68e-00f8-410f-b057-1cf7e2675f4e" />
    <Project Path="ShelfLife.Catalog.Domain/ShelfLife.Catalog.Domain.csproj" />
    <Project Path="ShelfLife.Catalog.Infrastructure/ShelfLife.Catalog.Infrastructure.csproj" />
  </Folder>
</Solution>
